
Microsoft Visual Studio Solution File, Format Version 12.00
# Visual Studio Version 17
VisualStudioVersion = 17.2.32519.379
MinimumVisualStudioVersion = 10.0.40219.1
Project("{FAE04EC0-301F-11D3-BF4B-00C04F79EFBC}") = "AddressPrinter", "AddressPrinter\AddressPrinter.csproj", "{B966B2E3-4AC9-4082-AA8F-2A3E28561B45}"
EndProject
Global
	GlobalSection(SolutionConfigurationPlatforms) = preSolution
		Debug|Any CPU = Debug|Any CPU
		Release|Any CPU = Release|Any CPU
	EndGlobalSection
	GlobalSection(ProjectConfigurationPlatforms) = postSolution
		{B966B2E3-4AC9-4082-AA8F-2A3E28561B45}.Debug|Any CPU.ActiveCfg = Debug|Any CPU
		{B966B2E3-4AC9-4082-AA8F-2A3E28561B45}.Debug|Any CPU.Build.0 = Debug|Any CPU
		{B966B2E3-4AC9-4082-AA8F-2A3E28561B45}.Release|Any CPU.ActiveCfg = Release|Any CPU
		{B966B2E3-4AC9-4082-AA8F-2A3E28561B45}.Release|Any CPU.Build.0 = Release|Any CPU
	EndGlobalSection
	GlobalSection(SolutionProperties) = preSolution
		HideSolutionNode = FALSE
	EndGlobalSection
	GlobalSection(ExtensibilityGlobals) = postSolution
		SolutionGuid = {B8808F01-1A8F-443F-96DE-0173C0510847}
	EndGlobalSection
EndGlobal
